
Microsoft Visual Studio Solution File, Format Version 12.00
# Visual Studio Version 16
VisualStudioVersion = 16.0.31702.278
MinimumVisualStudioVersion = 10.0.40219.1
Project("{9A19103F-16F7-4668-BE54-9A1E7A4F7556}") = "Alien.UI", "Alien.UI\Alien.UI.csproj", "{20DA1019-9C79-409E-A8A5-677BCB484F18}"
EndProject
Project("{9A19103F-16F7-4668-BE54-9A1E7A4F7556}") = "Alien.DAL", "Alien.DAL\Alien.DAL.csproj", "{675CDE75-EAE5-45F5-867F-EF5F6637634E}"
EndProject
Project("{9A19103F-16F7-4668-BE54-9A1E7A4F7556}") = "Alien.Tools", "Alien.Tools\Alien.Tools.csproj", "{285C032B-E9DC-4DAF-8C8B-9A6B3FAAD4AE}"
EndProject
Project("{9A19103F-16F7-4668-BE54-9A1E7A4F7556}") = "Alien.BLL", "Alien.BLL\Alien.BLL.csproj", "{87DAA4F1-1E5E-4898-9D2A-F446E828A9D1}"
EndProject
Project("{2150E333-8FDC-42A3-9474-1A3956D46DE8}") = "10 DAL", "10 DAL", "{BD75BB68-D2EE-4834-B48D-7E831B9C593E}"
EndProject
Project("{2150E333-8FDC-42A3-9474-1A3956D46DE8}") = "20 BLL", "20 BLL", "{99210DDF-4BA1-4BE6-A433-D43429762ED1}"
EndProject
Project("{2150E333-8FDC-42A3-9474-1A3956D46DE8}") = "99 Tools", "99 Tools", "{F5D5856D-2CB6-4173-A419-A3BF490ADF39}"
EndProject
Project("{2150E333-8FDC-42A3-9474-1A3956D46DE8}") = "30 UI", "30 UI", "{1265BE02-81F1-455D-973D-4FDA5EE23B1F}"
EndProject
Project("{2150E333-8FDC-42A3-9474-1A3956D46DE8}") = "80 Test", "80 Test", "{44859F7F-056F-49A7-AFD9-35F327D58474}"
EndProject
Project("{9A19103F-16F7-4668-BE54-9A1E7A4F7556}") = "Alien.ConsoleApp.Test", "Alien.ConsoleApp.Test\Alien.ConsoleApp.Test.csproj", "{A7854BB1-7E8E-45F3-B8C2-809C0CCDFD19}"
EndProject
Project("{9A19103F-16F7-4668-BE54-9A1E7A4F7556}") = "Alien.Test", "Alien.Test\Alien.Test.csproj", "{1231A6D7-E4B8-410F-B75D-0A5ED1337780}"
EndProject
Global
	GlobalSection(SolutionConfigurationPlatforms) = preSolution
		Debug|Any CPU = Debug|Any CPU
		Release|Any CPU = Release|Any CPU
	EndGlobalSection
	GlobalSection(ProjectConfigurationPlatforms) = postSolution
		{20DA1019-9C79-409E-A8A5-677BCB484F18}.Debug|Any CPU.ActiveCfg = Debug|Any CPU
		{20DA1019-9C79-409E-A8A5-677BCB484F18}.Debug|Any CPU.Build.0 = Debug|Any CPU
		{20DA1019-9C79-409E-A8A5-677BCB484F18}.Release|Any CPU.ActiveCfg = Release|Any CPU
		{20DA1019-9C79-409E-A8A5-677BCB484F18}.Release|Any CPU.Build.0 = Release|Any CPU
		{675CDE75-EAE5-45F5-867F-EF5F6637634E}.Debug|Any CPU.ActiveCfg = Debug|Any CPU
		{675CDE75-EAE5-45F5-867F-EF5F6637634E}.Debug|Any CPU.Build.0 = Debug|Any CPU
		{675CDE75-EAE5-45F5-867F-EF5F6637634E}.Release|Any CPU.ActiveCfg = Release|Any CPU
		{675CDE75-EAE5-45F5-867F-EF5F6637634E}.Release|Any CPU.Build.0 = Release|Any CPU
		{285C032B-E9DC-4DAF-8C8B-9A6B3FAAD4AE}.Debug|Any CPU.ActiveCfg = Debug|Any CPU
		{285C032B-E9DC-4DAF-8C8B-9A6B3FAAD4AE}.Debug|Any CPU.Build.0 = Debug|Any CPU
		{285C032B-E9DC-4DAF-8C8B-9A6B3FAAD4AE}.Release|Any CPU.ActiveCfg = Release|Any CPU
		{285C032B-E9DC-4DAF-8C8B-9A6B3FAAD4AE}.Release|Any CPU.Build.0 = Release|Any CPU
		{87DAA4F1-1E5E-4898-9D2A-F446E828A9D1}.Debug|Any CPU.ActiveCfg = Debug|Any CPU
		{87DAA4F1-1E5E-4898-9D2A-F446E828A9D1}.Debug|Any CPU.Build.0 = Debug|Any CPU
		{87DAA4F1-1E5E-4898-9D2A-F446E828A9D1}.Release|Any CPU.ActiveCfg = Release|Any CPU
		{87DAA4F1-1E5E-4898-9D2A-F446E828A9D1}.Release|Any CPU.Build.0 = Release|Any CPU
		{A7854BB1-7E8E-45F3-B8C2-809C0CCDFD19}.Debug|Any CPU.ActiveCfg = Debug|Any CPU
		{A7854BB1-7E8E-45F3-B8C2-809C0CCDFD19}.Debug|Any CPU.Build.0 = Debug|Any CPU
		{A7854BB1-7E8E-45F3-B8C2-809C0CCDFD19}.Release|Any CPU.ActiveCfg = Release|Any CPU
		{A7854BB1-7E8E-45F3-B8C2-809C0CCDFD19}.Release|Any CPU.Build.0 = Release|Any CPU
		{1231A6D7-E4B8-410F-B75D-0A5ED1337780}.Debug|Any CPU.ActiveCfg = Debug|Any CPU
		{1231A6D7-E4B8-410F-B75D-0A5ED1337780}.Debug|Any CPU.Build.0 = Debug|Any CPU
		{1231A6D7-E4B8-410F-B75D-0A5ED1337780}.Release|Any CPU.ActiveCfg = Release|Any CPU
		{1231A6D7-E4B8-410F-B75D-0A5ED1337780}.Release|Any CPU.Build.0 = Release|Any CPU
	EndGlobalSection
	GlobalSection(SolutionProperties) = preSolution
		HideSolutionNode = FALSE
	EndGlobalSection
	GlobalSection(NestedProjects) = preSolution
		{20DA1019-9C79-409E-A8A5-677BCB484F18} = {1265BE02-81F1-455D-973D-4FDA5EE23B1F}
		{675CDE75-EAE5-45F5-867F-EF5F6637634E} = {BD75BB68-D2EE-4834-B48D-7E831B9C593E}
		{285C032B-E9DC-4DAF-8C8B-9A6B3FAAD4AE} = {F5D5856D-2CB6-4173-A419-A3BF490ADF39}
		{87DAA4F1-1E5E-4898-9D2A-F446E828A9D1} = {99210DDF-4BA1-4BE6-A433-D43429762ED1}
		{A7854BB1-7E8E-45F3-B8C2-809C0CCDFD19} = {44859F7F-056F-49A7-AFD9-35F327D58474}
		{1231A6D7-E4B8-410F-B75D-0A5ED1337780} = {44859F7F-056F-49A7-AFD9-35F327D58474}
	EndGlobalSection
	GlobalSection(ExtensibilityGlobals) = postSolution
		SolutionGuid = {1F1AE926-FD69-4CA5-A15B-0F866B678F2F}
	EndGlobalSection
EndGlobal
